
Microsoft Visual Studio Solution File, Format Version 12.00
# Visual Studio Version 16
VisualStudioVersion = 16.0.29123.88
MinimumVisualStudioVersion = 10.0.40219.1
Project("{FAE04EC0-301F-11D3-BF4B-00C04F79EFBC}") = "ex1_20190815_login", "ex1_20190815_login\ex1_20190815_login.csproj", "{8E14EF89-5698-4DDA-BEA4-CD1FCA0EA40A}"
EndProject
Global
	GlobalSection(SolutionConfigurationPlatforms) = preSolution
		Debug|Any CPU = Debug|Any CPU
		Release|Any CPU = Release|Any CPU
	EndGlobalSection
	GlobalSection(ProjectConfigurationPlatforms) = postSolution
		{8E14EF89-5698-4DDA-BEA4-CD1FCA0EA40A}.Debug|Any CPU.ActiveCfg = Debug|Any CPU
		{8E14EF89-5698-4DDA-BEA4-CD1FCA0EA40A}.Debug|Any CPU.Build.0 = Debug|Any CPU
		{8E14EF89-5698-4DDA-BEA4-CD1FCA0EA40A}.Release|Any CPU.ActiveCfg = Release|Any CPU
		{8E14EF89-5698-4DDA-BEA4-CD1FCA0EA40A}.Release|Any CPU.Build.0 = Release|Any CPU
	EndGlobalSection
	GlobalSection(SolutionProperties) = preSolution
		HideSolutionNode = FALSE
	EndGlobalSection
	GlobalSection(ExtensibilityGlobals) = postSolution
		SolutionGuid = {5DBF0428-C224-490F-BBFB-D49CAA5F17B1}
	EndGlobalSection
EndGlobal
